
Microsoft Visual Studio Solution File, Format Version 12.00
# Visual Studio Version 16
VisualStudioVersion = 16.0.30225.117
MinimumVisualStudioVersion = 10.0.40219.1
Project("{FAE04EC0-301F-11D3-BF4B-00C04F79EFBC}") = "Promotion_Engin", "Promotion_Engin\Promotion_Engin.csproj", "{DEA7DD01-F0F3-482D-A330-E9D3D57FF381}"
EndProject
Project("{FAE04EC0-301F-11D3-BF4B-00C04F79EFBC}") = "Promotion_UnitTest", "Promotion_UnitTest\Promotion_UnitTest.csproj", "{D796752D-3C78-48F4-8A03-6FC973DE6583}"
EndProject
Project("{FAE04EC0-301F-11D3-BF4B-00C04F79EFBC}") = "Business_Rules_Engin", "Business_Rules_Engin\Business_Rules_Engin.csproj", "{6EF6D0BA-3A6C-4B71-908F-070DFAD593E9}"
EndProject
Global
	GlobalSection(SolutionConfigurationPlatforms) = preSolution
		Debug|Any CPU = Debug|Any CPU
		Release|Any CPU = Release|Any CPU
	EndGlobalSection
	GlobalSection(ProjectConfigurationPlatforms) = postSolution
		{DEA7DD01-F0F3-482D-A330-E9D3D57FF381}.Debug|Any CPU.ActiveCfg = Debug|Any CPU
		{DEA7DD01-F0F3-482D-A330-E9D3D57FF381}.Debug|Any CPU.Build.0 = Debug|Any CPU
		{DEA7DD01-F0F3-482D-A330-E9D3D57FF381}.Release|Any CPU.ActiveCfg = Release|Any CPU
		{DEA7DD01-F0F3-482D-A330-E9D3D57FF381}.Release|Any CPU.Build.0 = Release|Any CPU
		{D796752D-3C78-48F4-8A03-6FC973DE6583}.Debug|Any CPU.ActiveCfg = Debug|Any CPU
		{D796752D-3C78-48F4-8A03-6FC973DE6583}.Debug|Any CPU.Build.0 = Debug|Any CPU
		{D796752D-3C78-48F4-8A03-6FC973DE6583}.Release|Any CPU.ActiveCfg = Release|Any CPU
		{D796752D-3C78-48F4-8A03-6FC973DE6583}.Release|Any CPU.Build.0 = Release|Any CPU
		{6EF6D0BA-3A6C-4B71-908F-070DFAD593E9}.Debug|Any CPU.ActiveCfg = Debug|Any CPU
		{6EF6D0BA-3A6C-4B71-908F-070DFAD593E9}.Debug|Any CPU.Build.0 = Debug|Any CPU
		{6EF6D0BA-3A6C-4B71-908F-070DFAD593E9}.Release|Any CPU.ActiveCfg = Release|Any CPU
		{6EF6D0BA-3A6C-4B71-908F-070DFAD593E9}.Release|Any CPU.Build.0 = Release|Any CPU
	EndGlobalSection
	GlobalSection(SolutionProperties) = preSolution
		HideSolutionNode = FALSE
	EndGlobalSection
	GlobalSection(ExtensibilityGlobals) = postSolution
		SolutionGuid = {25E1077A-8C16-47FD-8CB2-F279969F8C66}
	EndGlobalSection
EndGlobal
